
Microsoft Visual Studio Solution File, Format Version 11.00
# Visual Studio 2010
Project("{FAE04EC0-301F-11D3-BF4B-00C04F79EFBC}") = "StackCalculator", "StackCalculator\StackCalculator.csproj", "{9E8F4389-B7C4-4C24-B0D3-E19060C5C88D}"
EndProject
Project("{FAE04EC0-301F-11D3-BF4B-00C04F79EFBC}") = "CalculatorTests", "CalculatorTests\CalculatorTests.csproj", "{FEF2B804-E28D-4D31-AAEF-7540ABDCBF84}"
EndProject
Project("{2150E333-8FDC-42A3-9474-1A3956D46DE8}") = "Solution Items", "Solution Items", "{46A47215-2779-470E-8C7B-0C5B178F1FA8}"
	ProjectSection(SolutionItems) = preProject
		Local.testsettings = Local.testsettings
		StackCalculator.vsmdi = StackCalculator.vsmdi
		TraceAndTestImpact.testsettings = TraceAndTestImpact.testsettings
	EndProjectSection
EndProject
Global
	GlobalSection(TestCaseManagementSettings) = postSolution
		CategoryFile = StackCalculator.vsmdi
	EndGlobalSection
	GlobalSection(SolutionConfigurationPlatforms) = preSolution
		Debug|Any CPU = Debug|Any CPU
		Debug|Mixed Platforms = Debug|Mixed Platforms
		Debug|x86 = Debug|x86
		Release|Any CPU = Release|Any CPU
		Release|Mixed Platforms = Release|Mixed Platforms
		Release|x86 = Release|x86
	EndGlobalSection
	GlobalSection(ProjectConfigurationPlatforms) = postSolution
		{9E8F4389-B7C4-4C24-B0D3-E19060C5C88D}.Debug|Any CPU.ActiveCfg = Debug|x86
		{9E8F4389-B7C4-4C24-B0D3-E19060C5C88D}.Debug|Mixed Platforms.ActiveCfg = Debug|x86
		{9E8F4389-B7C4-4C24-B0D3-E19060C5C88D}.Debug|Mixed Platforms.Build.0 = Debug|x86
		{9E8F4389-B7C4-4C24-B0D3-E19060C5C88D}.Debug|x86.ActiveCfg = Debug|x86
		{9E8F4389-B7C4-4C24-B0D3-E19060C5C88D}.Debug|x86.Build.0 = Debug|x86
		{9E8F4389-B7C4-4C24-B0D3-E19060C5C88D}.Release|Any CPU.ActiveCfg = Release|x86
		{9E8F4389-B7C4-4C24-B0D3-E19060C5C88D}.Release|Mixed Platforms.ActiveCfg = Release|x86
		{9E8F4389-B7C4-4C24-B0D3-E19060C5C88D}.Release|Mixed Platforms.Build.0 = Release|x86
		{9E8F4389-B7C4-4C24-B0D3-E19060C5C88D}.Release|x86.ActiveCfg = Release|x86
		{9E8F4389-B7C4-4C24-B0D3-E19060C5C88D}.Release|x86.Build.0 = Release|x86
		{FEF2B804-E28D-4D31-AAEF-7540ABDCBF84}.Debug|Any CPU.ActiveCfg = Debug|Any CPU
		{FEF2B804-E28D-4D31-AAEF-7540ABDCBF84}.Debug|Any CPU.Build.0 = Debug|Any CPU
		{FEF2B804-E28D-4D31-AAEF-7540ABDCBF84}.Debug|Mixed Platforms.ActiveCfg = Debug|Any CPU
		{FEF2B804-E28D-4D31-AAEF-7540ABDCBF84}.Debug|Mixed Platforms.Build.0 = Debug|Any CPU
		{FEF2B804-E28D-4D31-AAEF-7540ABDCBF84}.Debug|x86.ActiveCfg = Debug|Any CPU
		{FEF2B804-E28D-4D31-AAEF-7540ABDCBF84}.Release|Any CPU.ActiveCfg = Release|Any CPU
		{FEF2B804-E28D-4D31-AAEF-7540ABDCBF84}.Release|Any CPU.Build.0 = Release|Any CPU
		{FEF2B804-E28D-4D31-AAEF-7540ABDCBF84}.Release|Mixed Platforms.ActiveCfg = Release|Any CPU
		{FEF2B804-E28D-4D31-AAEF-7540ABDCBF84}.Release|Mixed Platforms.Build.0 = Release|Any CPU
		{FEF2B804-E28D-4D31-AAEF-7540ABDCBF84}.Release|x86.ActiveCfg = Release|Any CPU
	EndGlobalSection
	GlobalSection(SolutionProperties) = preSolution
		HideSolutionNode = FALSE
	EndGlobalSection
EndGlobal
